{
  "name": "opencode-cortex",
  "lockfileVersion": 3,
  "requires": true,
  "packages": {
    "node_modules/@opencode-ai/plugin": {
      "version": "1.14.41",
      "resolved": "https://registry.npmjs.org/@opencode-ai/plugin/-/plugin-1.14.41.tgz",
      "integrity": "sha512-xxxxxxxxxxxxxxxxxxxxxxxxxxxxxxxxxxxxxxxxxxxxxxxxxxxxxxx"
    }
  }
}
